
Microsoft Visual Studio Solution File, Format Version 12.00
# Visual Studio Version 17
VisualStudioVersion = 17.0.31903.59
MinimumVisualStudioVersion = 10.0.40219.1
Project("{2150E333-8FDC-42A3-9474-1A3956D46DE8}") = "src", "src", "{709A845B-DDE7-4002-8604-E3D4D0FB863B}"
EndProject
Project("{FAE04EC0-301F-11D3-BF4B-00C04F79EFBC}") = "FileManager.Core", "src\FileManager.Core\FileManager.Core.csproj", "{3AF00825-458C-49CB-8E6E-C130D51F4517}"
EndProject
Project("{FAE04EC0-301F-11D3-BF4B-00C04F79EFBC}") = "FileManager.Presentation", "src\FileManager.Presentation\FileManager.Presentation.csproj", "{AED1CD88-806B-4415-8E62-4462ED0B2571}"
EndProject
Project("{2150E333-8FDC-42A3-9474-1A3956D46DE8}") = "tests", "tests", "{6C196CBE-BAF8-408F-B2E2-E5AE0074A6DF}"
EndProject
Project("{FAE04EC0-301F-11D3-BF4B-00C04F79EFBC}") = "FileManager.Tests", "tests\FileManager.Tests\FileManager.Tests.csproj", "{46A66758-0E3F-4A77-9914-C83605D29D82}"
EndProject
Global
	GlobalSection(SolutionConfigurationPlatforms) = preSolution
		Debug|Any CPU = Debug|Any CPU
		Release|Any CPU = Release|Any CPU
	EndGlobalSection
	GlobalSection(SolutionProperties) = preSolution
		HideSolutionNode = FALSE
	EndGlobalSection
	GlobalSection(ProjectConfigurationPlatforms) = postSolution
		{3AF00825-458C-49CB-8E6E-C130D51F4517}.Debug|Any CPU.ActiveCfg = Debug|Any CPU
		{3AF00825-458C-49CB-8E6E-C130D51F4517}.Debug|Any CPU.Build.0 = Debug|Any CPU
		{3AF00825-458C-49CB-8E6E-C130D51F4517}.Release|Any CPU.ActiveCfg = Release|Any CPU
		{3AF00825-458C-49CB-8E6E-C130D51F4517}.Release|Any CPU.Build.0 = Release|Any CPU
		{AED1CD88-806B-4415-8E62-4462ED0B2571}.Debug|Any CPU.ActiveCfg = Debug|Any CPU
		{AED1CD88-806B-4415-8E62-4462ED0B2571}.Debug|Any CPU.Build.0 = Debug|Any CPU
		{AED1CD88-806B-4415-8E62-4462ED0B2571}.Release|Any CPU.ActiveCfg = Release|Any CPU
		{AED1CD88-806B-4415-8E62-4462ED0B2571}.Release|Any CPU.Build.0 = Release|Any CPU
		{46A66758-0E3F-4A77-9914-C83605D29D82}.Debug|Any CPU.ActiveCfg = Debug|Any CPU
		{46A66758-0E3F-4A77-9914-C83605D29D82}.Debug|Any CPU.Build.0 = Debug|Any CPU
		{46A66758-0E3F-4A77-9914-C83605D29D82}.Release|Any CPU.ActiveCfg = Release|Any CPU
		{46A66758-0E3F-4A77-9914-C83605D29D82}.Release|Any CPU.Build.0 = Release|Any CPU
	EndGlobalSection
	GlobalSection(NestedProjects) = preSolution
		{3AF00825-458C-49CB-8E6E-C130D51F4517} = {709A845B-DDE7-4002-8604-E3D4D0FB863B}
		{AED1CD88-806B-4415-8E62-4462ED0B2571} = {709A845B-DDE7-4002-8604-E3D4D0FB863B}
		{46A66758-0E3F-4A77-9914-C83605D29D82} = {6C196CBE-BAF8-408F-B2E2-E5AE0074A6DF}
	EndGlobalSection
EndGlobal
